
Microsoft Visual Studio Solution File, Format Version 10.00
# Visual C++ Express 2008
Project("{8BC9CEB8-8B4A-11D0-8D11-00A0C91BC942}") = "lSDK", "lSDK.vcproj", "{3E379F4D-6F01-4B87-A04B-FAAF8AB1E503}"
EndProject
Global
	GlobalSection(SolutionConfigurationPlatforms) = preSolution
		Debug Unicode|Fusion-2.x = Debug Unicode|Fusion-2.x
		Debug|Fusion-2.x = Debug|Fusion-2.x
	EndGlobalSection
	GlobalSection(ProjectConfigurationPlatforms) = postSolution
		{3E379F4D-6F01-4B87-A04B-FAAF8AB1E503}.Debug Unicode|Fusion-2.x.ActiveCfg = Debug Unicode|Win32
		{3E379F4D-6F01-4B87-A04B-FAAF8AB1E503}.Debug Unicode|Fusion-2.x.Build.0 = Debug Unicode|Win32
		{3E379F4D-6F01-4B87-A04B-FAAF8AB1E503}.Debug|Fusion-2.x.ActiveCfg = Debug|Win32
		{3E379F4D-6F01-4B87-A04B-FAAF8AB1E503}.Debug|Fusion-2.x.Build.0 = Debug|Win32
	EndGlobalSection
	GlobalSection(SolutionProperties) = preSolution
		HideSolutionNode = FALSE
	EndGlobalSection
EndGlobal
